
Microsoft Visual Studio Solution File, Format Version 12.00
# Visual Studio 14
VisualStudioVersion = 14.0.25420.1
MinimumVisualStudioVersion = 10.0.40219.1
Project("{2150E333-8FDC-42A3-9474-1A3956D46DE8}") = "06 - Web", "06 - Web", "{E6EB27AF-81DC-4702-8742-5D1D8124B73F}"
EndProject
Project("{FAE04EC0-301F-11D3-BF4B-00C04F79EFBC}") = "Logistica.Web", "Logistica.Web\Logistica.Web.csproj", "{711DBC79-E0DA-4B2E-8799-4EDFCA0F2CC7}"
EndProject
Project("{2150E333-8FDC-42A3-9474-1A3956D46DE8}") = "00 - Common", "00 - Common", "{DB835134-8778-4010-92FF-1088A8320834}"
EndProject
Project("{FAE04EC0-301F-11D3-BF4B-00C04F79EFBC}") = "Logistica", "Logistica\Logistica.csproj", "{09B62602-D44F-4F98-B435-6D117A27B851}"
EndProject
Project("{2150E333-8FDC-42A3-9474-1A3956D46DE8}") = "01 - Entity", "01 - Entity", "{20253D66-6AC0-4C6F-BDF8-360AFC997224}"
EndProject
Project("{2150E333-8FDC-42A3-9474-1A3956D46DE8}") = "02 - DA", "02 - DA", "{8FC3E1B7-F7A1-48ED-A2A9-63FEF72250CA}"
EndProject
Project("{2150E333-8FDC-42A3-9474-1A3956D46DE8}") = "03 - ViewModel", "03 - ViewModel", "{8AFF72EB-5DED-4C2E-BE03-AD329DFA6076}"
EndProject
Project("{2150E333-8FDC-42A3-9474-1A3956D46DE8}") = "04 - Business", "04 - Business", "{35D58C29-94C3-4E64-BE56-0BDF631D5EDC}"
EndProject
Project("{2150E333-8FDC-42A3-9474-1A3956D46DE8}") = "05 - Configuracion", "05 - Configuracion", "{1567A783-BC7D-4682-BCBB-AC56156A23FC}"
EndProject
Project("{FAE04EC0-301F-11D3-BF4B-00C04F79EFBC}") = "Logistica.Entity", "Logistica.Entity\Logistica.Entity.csproj", "{6C261B47-E8FB-4598-96A8-2342A9039638}"
EndProject
Project("{FAE04EC0-301F-11D3-BF4B-00C04F79EFBC}") = "Logistica.ViewModel", "Logistica.ViewModel\Logistica.ViewModel.csproj", "{76D899E1-9461-49FD-9356-699EA7AC98C8}"
EndProject
Project("{FAE04EC0-301F-11D3-BF4B-00C04F79EFBC}") = "Logistica.DataAccess", "Logistica.DataAccess\Logistica.DataAccess.csproj", "{733B39FB-0522-448D-BC20-9CC7ADA6A5CC}"
EndProject
Project("{FAE04EC0-301F-11D3-BF4B-00C04F79EFBC}") = "Logistica.IDataAccess", "Logistica.IDataAccess\Logistica.IDataAccess.csproj", "{AB508B96-0CA5-4338-81CA-A66B43653B1D}"
EndProject
Project("{FAE04EC0-301F-11D3-BF4B-00C04F79EFBC}") = "Logistica.Business", "Logistica.Business\Logistica.Business.csproj", "{BA7C9D26-9FC4-4198-8910-B499053BD5D5}"
EndProject
Project("{FAE04EC0-301F-11D3-BF4B-00C04F79EFBC}") = "Logistica.IBusiness", "Logistica.IBusiness\Logistica.IBusiness.csproj", "{F1F5732A-B21A-40E3-A6B7-4C9CEE4B9AB2}"
EndProject
Project("{FAE04EC0-301F-11D3-BF4B-00C04F79EFBC}") = "Logistica.Configuration", "Logistica.Configuration\Logistica.Configuration.csproj", "{09F3CED5-5B38-45F7-AC3D-69D9E7B55772}"
EndProject
Project("{2150E333-8FDC-42A3-9474-1A3956D46DE8}") = "99 - Test", "99 - Test", "{50BFFFA3-B578-48E8-B6D0-4109EE40CE14}"
EndProject
Project("{FAE04EC0-301F-11D3-BF4B-00C04F79EFBC}") = "Logistica.Testing", "Logistica.Testing\Logistica.Testing.csproj", "{92CDC118-DB9F-4A78-8832-C33005879518}"
EndProject
Global
	GlobalSection(SolutionConfigurationPlatforms) = preSolution
		Debug|Any CPU = Debug|Any CPU
		Release|Any CPU = Release|Any CPU
	EndGlobalSection
	GlobalSection(ProjectConfigurationPlatforms) = postSolution
		{711DBC79-E0DA-4B2E-8799-4EDFCA0F2CC7}.Debug|Any CPU.ActiveCfg = Debug|Any CPU
		{711DBC79-E0DA-4B2E-8799-4EDFCA0F2CC7}.Debug|Any CPU.Build.0 = Debug|Any CPU
		{711DBC79-E0DA-4B2E-8799-4EDFCA0F2CC7}.Release|Any CPU.ActiveCfg = Release|Any CPU
		{711DBC79-E0DA-4B2E-8799-4EDFCA0F2CC7}.Release|Any CPU.Build.0 = Release|Any CPU
		{09B62602-D44F-4F98-B435-6D117A27B851}.Debug|Any CPU.ActiveCfg = Debug|Any CPU
		{09B62602-D44F-4F98-B435-6D117A27B851}.Debug|Any CPU.Build.0 = Debug|Any CPU
		{09B62602-D44F-4F98-B435-6D117A27B851}.Release|Any CPU.ActiveCfg = Release|Any CPU
		{09B62602-D44F-4F98-B435-6D117A27B851}.Release|Any CPU.Build.0 = Release|Any CPU
		{6C261B47-E8FB-4598-96A8-2342A9039638}.Debug|Any CPU.ActiveCfg = Debug|Any CPU
		{6C261B47-E8FB-4598-96A8-2342A9039638}.Debug|Any CPU.Build.0 = Debug|Any CPU
		{6C261B47-E8FB-4598-96A8-2342A9039638}.Release|Any CPU.ActiveCfg = Release|Any CPU
		{6C261B47-E8FB-4598-96A8-2342A9039638}.Release|Any CPU.Build.0 = Release|Any CPU
		{76D899E1-9461-49FD-9356-699EA7AC98C8}.Debug|Any CPU.ActiveCfg = Debug|Any CPU
		{76D899E1-9461-49FD-9356-699EA7AC98C8}.Debug|Any CPU.Build.0 = Debug|Any CPU
		{76D899E1-9461-49FD-9356-699EA7AC98C8}.Release|Any CPU.ActiveCfg = Release|Any CPU
		{76D899E1-9461-49FD-9356-699EA7AC98C8}.Release|Any CPU.Build.0 = Release|Any CPU
		{733B39FB-0522-448D-BC20-9CC7ADA6A5CC}.Debug|Any CPU.ActiveCfg = Debug|Any CPU
		{733B39FB-0522-448D-BC20-9CC7ADA6A5CC}.Debug|Any CPU.Build.0 = Debug|Any CPU
		{733B39FB-0522-448D-BC20-9CC7ADA6A5CC}.Release|Any CPU.ActiveCfg = Release|Any CPU
		{733B39FB-0522-448D-BC20-9CC7ADA6A5CC}.Release|Any CPU.Build.0 = Release|Any CPU
		{AB508B96-0CA5-4338-81CA-A66B43653B1D}.Debug|Any CPU.ActiveCfg = Debug|Any CPU
		{AB508B96-0CA5-4338-81CA-A66B43653B1D}.Debug|Any CPU.Build.0 = Debug|Any CPU
		{AB508B96-0CA5-4338-81CA-A66B43653B1D}.Release|Any CPU.ActiveCfg = Release|Any CPU
		{AB508B96-0CA5-4338-81CA-A66B43653B1D}.Release|Any CPU.Build.0 = Release|Any CPU
		{BA7C9D26-9FC4-4198-8910-B499053BD5D5}.Debug|Any CPU.ActiveCfg = Debug|Any CPU
		{BA7C9D26-9FC4-4198-8910-B499053BD5D5}.Debug|Any CPU.Build.0 = Debug|Any CPU
		{BA7C9D26-9FC4-4198-8910-B499053BD5D5}.Release|Any CPU.ActiveCfg = Release|Any CPU
		{BA7C9D26-9FC4-4198-8910-B499053BD5D5}.Release|Any CPU.Build.0 = Release|Any CPU
		{F1F5732A-B21A-40E3-A6B7-4C9CEE4B9AB2}.Debug|Any CPU.ActiveCfg = Debug|Any CPU
		{F1F5732A-B21A-40E3-A6B7-4C9CEE4B9AB2}.Debug|Any CPU.Build.0 = Debug|Any CPU
		{F1F5732A-B21A-40E3-A6B7-4C9CEE4B9AB2}.Release|Any CPU.ActiveCfg = Release|Any CPU
		{F1F5732A-B21A-40E3-A6B7-4C9CEE4B9AB2}.Release|Any CPU.Build.0 = Release|Any CPU
		{09F3CED5-5B38-45F7-AC3D-69D9E7B55772}.Debug|Any CPU.ActiveCfg = Debug|Any CPU
		{09F3CED5-5B38-45F7-AC3D-69D9E7B55772}.Debug|Any CPU.Build.0 = Debug|Any CPU
		{09F3CED5-5B38-45F7-AC3D-69D9E7B55772}.Release|Any CPU.ActiveCfg = Release|Any CPU
		{09F3CED5-5B38-45F7-AC3D-69D9E7B55772}.Release|Any CPU.Build.0 = Release|Any CPU
		{92CDC118-DB9F-4A78-8832-C33005879518}.Debug|Any CPU.ActiveCfg = Debug|Any CPU
		{92CDC118-DB9F-4A78-8832-C33005879518}.Debug|Any CPU.Build.0 = Debug|Any CPU
		{92CDC118-DB9F-4A78-8832-C33005879518}.Release|Any CPU.ActiveCfg = Release|Any CPU
		{92CDC118-DB9F-4A78-8832-C33005879518}.Release|Any CPU.Build.0 = Release|Any CPU
	EndGlobalSection
	GlobalSection(SolutionProperties) = preSolution
		HideSolutionNode = FALSE
	EndGlobalSection
	GlobalSection(NestedProjects) = preSolution
		{711DBC79-E0DA-4B2E-8799-4EDFCA0F2CC7} = {E6EB27AF-81DC-4702-8742-5D1D8124B73F}
		{09B62602-D44F-4F98-B435-6D117A27B851} = {DB835134-8778-4010-92FF-1088A8320834}
		{6C261B47-E8FB-4598-96A8-2342A9039638} = {20253D66-6AC0-4C6F-BDF8-360AFC997224}
		{76D899E1-9461-49FD-9356-699EA7AC98C8} = {8AFF72EB-5DED-4C2E-BE03-AD329DFA6076}
		{733B39FB-0522-448D-BC20-9CC7ADA6A5CC} = {8FC3E1B7-F7A1-48ED-A2A9-63FEF72250CA}
		{AB508B96-0CA5-4338-81CA-A66B43653B1D} = {8FC3E1B7-F7A1-48ED-A2A9-63FEF72250CA}
		{BA7C9D26-9FC4-4198-8910-B499053BD5D5} = {35D58C29-94C3-4E64-BE56-0BDF631D5EDC}
		{F1F5732A-B21A-40E3-A6B7-4C9CEE4B9AB2} = {35D58C29-94C3-4E64-BE56-0BDF631D5EDC}
		{09F3CED5-5B38-45F7-AC3D-69D9E7B55772} = {1567A783-BC7D-4682-BCBB-AC56156A23FC}
		{92CDC118-DB9F-4A78-8832-C33005879518} = {50BFFFA3-B578-48E8-B6D0-4109EE40CE14}
	EndGlobalSection
EndGlobal
